// !$*UTF8*$!
{
	archiveVersion = 1;
	classes = {
	};
	objectVersion = 48;
	objects = {

/* Begin PBXBuildFile section */
		0B4C85E92011F3ED00043C46 /* AppDelegate.swift in Sources */ = {isa = PBXBuildFile; fileRef = 0B4C85E82011F3ED00043C46 /* AppDelegate.swift */; };
		0B4C85EE2011F3ED00043C46 /* Main.storyboard in Resources */ = {isa = PBXBuildFile; fileRef = 0B4C85EC2011F3ED00043C46 /* Main.storyboard */; };
		0B4C85F02011F3ED00043C46 /* Assets.xcassets in Resources */ = {isa = PBXBuildFile; fileRef = 0B4C85EF2011F3ED00043C46 /* Assets.xcassets */; };
		0B4C85F32011F3ED00043C46 /* LaunchScreen.storyboard in Resources */ = {isa = PBXBuildFile; fileRef = 0B4C85F12011F3ED00043C46 /* LaunchScreen.storyboard */; };
		0B4C85FC2011F53400043C46 /* HomeViewController.swift in Sources */ = {isa = PBXBuildFile; fileRef = 0B4C85FB2011F53400043C46 /* HomeViewController.swift */; };
		0B4C86002011F6AE00043C46 /* HomeTopView.swift in Sources */ = {isa = PBXBuildFile; fileRef = 0B4C85FF2011F6AE00043C46 /* HomeTopView.swift */; };
		0B774491201581A20032A969 /* VVVViewController.swift in Sources */ = {isa = PBXBuildFile; fileRef = 0B774490201581A20032A969 /* VVVViewController.swift */; };
		0B7744932015D65E0032A969 /* HZUIViewExtension.swift in Sources */ = {isa = PBXBuildFile; fileRef = 0B7744922015D65E0032A969 /* HZUIViewExtension.swift */; };
		D285D15D6A1263CF2AB1FBAF /* Pods_AlipayHomeDemo.framework in Frameworks */ = {isa = PBXBuildFile; fileRef = B4E6BA88BA653EFAB46499E5 /* Pods_AlipayHomeDemo.framework */; };
/* End PBXBuildFile section */

/* Begin PBXFileReference section */
		0B4C85E52011F3ED00043C46 /* AlipayHomeDemo.app */ = {isa = PBXFileReference; explicitFileType = wrapper.application; includeInIndex = 0; path = AlipayHomeDemo.app; sourceTree = BUILT_PRODUCTS_DIR; };
		0B4C85E82011F3ED00043C46 /* AppDelegate.swift */ = {isa = PBXFileReference; lastKnownFileType = sourcecode.swift; path = AppDelegate.swift; sourceTree = "<group>"; };
		0B4C85ED2011F3ED00043C46 /* Base */ = {isa = PBXFileReference; lastKnownFileType = file.storyboard; name = Base; path = Base.lproj/Main.storyboard; sourceTree = "<group>"; };
		0B4C85EF2011F3ED00043C46 /* Assets.xcassets */ = {isa = PBXFileReference; lastKnownFileType = folder.assetcatalog; path = Assets.xcassets; sourceTree = "<group>"; };
		0B4C85F22011F3ED00043C46 /* Base */ = {isa = PBXFileReference; lastKnownFileType = file.storyboard; name = Base; path = Base.lproj/LaunchScreen.storyboard; sourceTree = "<group>"; };
		0B4C85F42011F3ED00043C46 /* Info.plist */ = {isa = PBXFileReference; lastKnownFileType = text.plist.xml; path = Info.plist; sourceTree = "<group>"; };
		0B4C85FB2011F53400043C46 /* HomeViewController.swift */ = {isa = PBXFileReference; lastKnownFileType = sourcecode.swift; path = HomeViewController.swift; sourceTree = "<group>"; };
		0B4C85FF2011F6AE00043C46 /* HomeTopView.swift */ = {isa = PBXFileReference; lastKnownFileType = sourcecode.swift; path = HomeTopView.swift; sourceTree = "<group>"; };
		0B774490201581A20032A969 /* VVVViewController.swift */ = {isa = PBXFileReference; lastKnownFileType = sourcecode.swift; path = VVVViewController.swift; sourceTree = "<group>"; };
		0B7744922015D65E0032A969 /* HZUIViewExtension.swift */ = {isa = PBXFileReference; fileEncoding = 4; lastKnownFileType = sourcecode.swift; path = HZUIViewExtension.swift; sourceTree = "<group>"; };
		8DCE49CE03E3EEF4F208F3C6 /* Pods-AlipayHomeDemo.debug.xcconfig */ = {isa = PBXFileReference; includeInIndex = 1; lastKnownFileType = text.xcconfig; name = "Pods-AlipayHomeDemo.debug.xcconfig"; path = "Pods/Target Support Files/Pods-AlipayHomeDemo/Pods-AlipayHomeDemo.debug.xcconfig"; sourceTree = "<group>"; };
		90F311C54A4390B118B458C6 /* Pods-AlipayHomeDemo.release.xcconfig */ = {isa = PBXFileReference; includeInIndex = 1; lastKnownFileType = text.xcconfig; name = "Pods-AlipayHomeDemo.release.xcconfig"; path = "Pods/Target Support Files/Pods-AlipayHomeDemo/Pods-AlipayHomeDemo.release.xcconfig"; sourceTree = "<group>"; };
		B4E6BA88BA653EFAB46499E5 /* Pods_AlipayHomeDemo.framework */ = {isa = PBXFileReference; explicitFileType = wrapper.framework; includeInIndex = 0; path = Pods_AlipayHomeDemo.framework; sourceTree = BUILT_PRODUCTS_DIR; };
/* End PBXFileReference section */

/* Begin PBXFrameworksBuildPhase section */
		0B4C85E22011F3ED00043C46 /* Frameworks */ = {
			isa = PBXFrameworksBuildPhase;
			buildActionMask = 2147483647;
			files = (
				D285D15D6A1263CF2AB1FBAF /* Pods_AlipayHomeDemo.framework in Frameworks */,
			);
			runOnlyForDeploymentPostprocessing = 0;
		};
/* End PBXFrameworksBuildPhase section */

/* Begin PBXGroup section */
		0B4C85DC2011F3ED00043C46 = {
			isa = PBXGroup;
			children = (
				0B4C85E72011F3ED00043C46 /* AlipayHomeDemo */,
				0B4C85E62011F3ED00043C46 /* Products */,
				FEC7404D4032A7A4536DD74E /* Pods */,
				384C511E22D58A08B6365DCA /* Frameworks */,
			);
			sourceTree = "<group>";
		};
		0B4C85E62011F3ED00043C46 /* Products */ = {
			isa = PBXGroup;
			children = (
				0B4C85E52011F3ED00043C46 /* AlipayHomeDemo.app */,
			);
			name = Products;
			sourceTree = "<group>";
		};
		0B4C85E72011F3ED00043C46 /* AlipayHomeDemo */ = {
			isa = PBXGroup;
			children = (
				0B4C85FA2011F51700043C46 /* AlipayHome */,
				0B4C85E82011F3ED00043C46 /* AppDelegate.swift */,
				0B774490201581A20032A969 /* VVVViewController.swift */,
				0B4C85EC2011F3ED00043C46 /* Main.storyboard */,
				0B4C85EF2011F3ED00043C46 /* Assets.xcassets */,
				0B4C85F12011F3ED00043C46 /* LaunchScreen.storyboard */,
				0B4C85F42011F3ED00043C46 /* Info.plist */,
			);
			path = AlipayHomeDemo;
			sourceTree = "<group>";
		};
		0B4C85FA2011F51700043C46 /* AlipayHome */ = {
			isa = PBXGroup;
			children = (
				0B4C85FB2011F53400043C46 /* HomeViewController.swift */,
				0B4C85FF2011F6AE00043C46 /* HomeTopView.swift */,
				0B7744922015D65E0032A969 /* HZUIViewExtension.swift */,
			);
			path = AlipayHome;
			sourceTree = "<group>";
		};
		384C511E22D58A08B6365DCA /* Frameworks */ = {
			isa = PBXGroup;
			children = (
				B4E6BA88BA653EFAB46499E5 /* Pods_AlipayHomeDemo.framework */,
			);
			name = Frameworks;
			sourceTree = "<group>";
		};
		FEC7404D4032A7A4536DD74E /* Pods */ = {
			isa = PBXGroup;
			children = (
				8DCE49CE03E3EEF4F208F3C6 /* Pods-AlipayHomeDemo.debug.xcconfig */,
				90F311C54A4390B118B458C6 /* Pods-AlipayHomeDemo.release.xcconfig */,
			);
			name = Pods;
			sourceTree = "<group>";
		};
/* End PBXGroup section */

/* Begin PBXNativeTarget section */
		0B4C85E42011F3ED00043C46 /* AlipayHomeDemo */ = {
			isa = PBXNativeTarget;
			buildConfigurationList = 0B4C85F72011F3ED00043C46 /* Build configuration list for PBXNativeTarget "AlipayHomeDemo" */;
			buildPhases = (
				D2CFE734F6DC197744C620F0 /* [CP] Check Pods Manifest.lock */,
				0B4C85E12011F3ED00043C46 /* Sources */,
				0B4C85E22011F3ED00043C46 /* Frameworks */,
				0B4C85E32011F3ED00043C46 /* Resources */,
				87447D4EEAAACB764FFCD30E /* [CP] Embed Pods Frameworks */,
				550ADE8C273007A5893FB77D /* [CP] Copy Pods Resources */,
			);
			buildRules = (
			);
			dependencies = (
			);
			name = AlipayHomeDemo;
			productName = AlipayHomeDemo;
			productReference = 0B4C85E52011F3ED00043C46 /* AlipayHomeDemo.app */;
			productType = "com.apple.product-type.application";
		};
/* End PBXNativeTarget section */

/* Begin PBXProject section */
		0B4C85DD2011F3ED00043C46 /* Project object */ = {
			isa = PBXProject;
			attributes = {
				LastSwiftUpdateCheck = 0910;
				LastUpgradeCheck = 0910;
				ORGANIZATIONNAME = zzh;
				TargetAttributes = {
					0B4C85E42011F3ED00043C46 = {
						CreatedOnToolsVersion = 9.1;
						ProvisioningStyle = Automatic;
					};
				};
			};
			buildConfigurationList = 0B4C85E02011F3ED00043C46 /* Build configuration list for PBXProject "AlipayHomeDemo" */;
			compatibilityVersion = "Xcode 8.0";
			developmentRegion = en;
			hasScannedForEncodings = 0;
			knownRegions = (
				en,
				Base,
			);
			mainGroup = 0B4C85DC2011F3ED00043C46;
			productRefGroup = 0B4C85E62011F3ED00043C46 /* Products */;
			projectDirPath = "";
			projectRoot = "";
			targets = (
				0B4C85E42011F3ED00043C46 /* AlipayHomeDemo */,
			);
		};
/* End PBXProject section */

/* Begin PBXResourcesBuildPhase section */
		0B4C85E32011F3ED00043C46 /* Resources */ = {
			isa = PBXResourcesBuildPhase;
			buildActionMask = 2147483647;
			files = (
				0B4C85F32011F3ED00043C46 /* LaunchScreen.storyboard in Resources */,
				0B4C85F02011F3ED00043C46 /* Assets.xcassets in Resources */,
				0B4C85EE2011F3ED00043C46 /* Main.storyboard in Resources */,
			);
			runOnlyForDeploymentPostprocessing = 0;
		};
/* End PBXResourcesBuildPhase section */

/* Begin PBXShellScriptBuildPhase section */
		550ADE8C273007A5893FB77D /* [CP] Copy Pods Resources */ = {
			isa = PBXShellScriptBuildPhase;
			buildActionMask = 2147483647;
			files = (
			);
			inputPaths = (
			);
			name = "[CP] Copy Pods Resources";
			outputPaths = (
			);
			runOnlyForDeploymentPostprocessing = 0;
			shellPath = /bin/sh;
			shellScript = "\"${SRCROOT}/Pods/Target Support Files/Pods-AlipayHomeDemo/Pods-AlipayHomeDemo-resources.sh\"\n";
			showEnvVarsInLog = 0;
		};
		87447D4EEAAACB764FFCD30E /* [CP] Embed Pods Frameworks */ = {
			isa = PBXShellScriptBuildPhase;
			buildActionMask = 2147483647;
			files = (
			);
			inputPaths = (
				"${SRCROOT}/Pods/Target Support Files/Pods-AlipayHomeDemo/Pods-AlipayHomeDemo-frameworks.sh",
				"${BUILT_PRODUCTS_DIR}/MJRefresh/MJRefresh.framework",
				"${BUILT_PRODUCTS_DIR}/SnapKit/SnapKit.framework",
			);
			name = "[CP] Embed Pods Frameworks";
			outputPaths = (
				"${TARGET_BUILD_DIR}/${FRAMEWORKS_FOLDER_PATH}/MJRefresh.framework",
				"${TARGET_BUILD_DIR}/${FRAMEWORKS_FOLDER_PATH}/SnapKit.framework",
			);
			runOnlyForDeploymentPostprocessing = 0;
			shellPath = /bin/sh;
			shellScript = "\"${SRCROOT}/Pods/Target Support Files/Pods-AlipayHomeDemo/Pods-AlipayHomeDemo-frameworks.sh\"\n";
			showEnvVarsInLog = 0;
		};
		D2CFE734F6DC197744C620F0 /* [CP] Check Pods Manifest.lock */ = {
			isa = PBXShellScriptBuildPhase;
			buildActionMask = 2147483647;
			files = (
			);
			inputPaths = (
				"${PODS_PODFILE_DIR_PATH}/Podfile.lock",
				"${PODS_ROOT}/Manifest.lock",
			);
			name = "[CP] Check Pods Manifest.lock";
			outputPaths = (
				"$(DERIVED_FILE_DIR)/Pods-AlipayHomeDemo-checkManifestLockResult.txt",
			);
			runOnlyForDeploymentPostprocessing = 0;
			shellPath = /bin/sh;
			shellScript = "diff \"${PODS_PODFILE_DIR_PATH}/Podfile.lock\" \"${PODS_ROOT}/Manifest.lock\" > /dev/null\nif [ $? != 0 ] ; then\n    # print error to STDERR\n    echo \"error: The sandbox is not in sync with the Podfile.lock. Run 'pod install' or update your CocoaPods installation.\" >&2\n    exit 1\nfi\n# This output is used by Xcode 'outputs' to avoid re-running this script phase.\necho \"SUCCESS\" > \"${SCRIPT_OUTPUT_FILE_0}\"\n";
			showEnvVarsInLog = 0;
		};
/* End PBXShellScriptBuildPhase section */

/* Begin PBXSourcesBuildPhase section */
		0B4C85E12011F3ED00043C46 /* Sources */ = {
			isa = PBXSourcesBuildPhase;
			buildActionMask = 2147483647;
			files = (
				0B4C86002011F6AE00043C46 /* HomeTopView.swift in Sources */,
				0B7744932015D65E0032A969 /* HZUIViewExtension.swift in Sources */,
				0B4C85E92011F3ED00043C46 /* AppDelegate.swift in Sources */,
				0B4C85FC2011F53400043C46 /* HomeViewController.swift in Sources */,
				0B774491201581A20032A969 /* VVVViewController.swift in Sources */,
			);
			runOnlyForDeploymentPostprocessing = 0;
		};
/* End PBXSourcesBuildPhase section */

/* Begin PBXVariantGroup section */
		0B4C85EC2011F3ED00043C46 /* Main.storyboard */ = {
			isa = PBXVariantGroup;
			children = (
				0B4C85ED2011F3ED00043C46 /* Base */,
			);
			name = Main.storyboard;
			sourceTree = "<group>";
		};
		0B4C85F12011F3ED00043C46 /* LaunchScreen.storyboard */ = {
			isa = PBXVariantGroup;
			children = (
				0B4C85F22011F3ED00043C46 /* Base */,
			);
			name = LaunchScreen.storyboard;
			sourceTree = "<group>";
		};
/* End PBXVariantGroup section */

/* Begin XCBuildConfiguration section */
		0B4C85F52011F3ED00043C46 /* Debug */ = {
			isa = XCBuildConfiguration;
			buildSettings = {
				ALWAYS_SEARCH_USER_PATHS = NO;
				CLANG_ANALYZER_NONNULL = YES;
				CLANG_ANALYZER_NUMBER_OBJECT_CONVERSION = YES_AGGRESSIVE;
				CLANG_CXX_LANGUAGE_STANDARD = "gnu++14";
				CLANG_CXX_LIBRARY = "libc++";
				CLANG_ENABLE_MODULES = YES;
				CLANG_ENABLE_OBJC_ARC = YES;
				CLANG_WARN_BLOCK_CAPTURE_AUTORELEASING = YES;
				CLANG_WARN_BOOL_CONVERSION = YES;
				CLANG_WARN_COMMA = YES;
				CLANG_WARN_CONSTANT_CONVERSION = YES;
				CLANG_WARN_DIRECT_OBJC_ISA_USAGE = YES_ERROR;
				CLANG_WARN_DOCUMENTATION_COMMENTS = YES;
				CLANG_WARN_EMPTY_BODY = YES;
				CLANG_WARN_ENUM_CONVERSION = YES;
				CLANG_WARN_INFINITE_RECURSION = YES;
				CLANG_WARN_INT_CONVERSION = YES;
				CLANG_WARN_NON_LITERAL_NULL_CONVERSION = YES;
				CLANG_WARN_OBJC_LITERAL_CONVERSION = YES;
				CLANG_WARN_OBJC_ROOT_CLASS = YES_ERROR;
				CLANG_WARN_RANGE_LOOP_ANALYSIS = YES;
				CLANG_WARN_STRICT_PROTOTYPES = YES;
				CLANG_WARN_SUSPICIOUS_MOVE = YES;
				CLANG_WARN_UNGUARDED_AVAILABILITY = YES_AGGRESSIVE;
				CLANG_WARN_UNREACHABLE_CODE = YES;
				CLANG_WARN__DUPLICATE_METHOD_MATCH = YES;
				CODE_SIGN_IDENTITY = "iPhone Developer";
				COPY_PHASE_STRIP = NO;
				DEBUG_INFORMATION_FORMAT = dwarf;
				ENABLE_STRICT_OBJC_MSGSEND = YES;
				ENABLE_TESTABILITY = YES;
				GCC_C_LANGUAGE_STANDARD = gnu11;
				GCC_DYNAMIC_NO_PIC = NO;
				GCC_NO_COMMON_BLOCKS = YES;
				GCC_OPTIMIZATION_LEVEL = 0;
				GCC_PREPROCESSOR_DEFINITIONS = (
					"DEBUG=1",
					"$(inherited)",
				);
				GCC_WARN_64_TO_32_BIT_CONVERSION = YES;
				GCC_WARN_ABOUT_RETURN_TYPE = YES_ERROR;
				GCC_WARN_UNDECLARED_SELECTOR = YES;
				GCC_WARN_UNINITIALIZED_AUTOS = YES_AGGRESSIVE;
				GCC_WARN_UNUSED_FUNCTION = YES;
				GCC_WARN_UNUSED_VARIABLE = YES;
				IPHONEOS_DEPLOYMENT_TARGET = 11.1;
				MTL_ENABLE_DEBUG_INFO = YES;
				ONLY_ACTIVE_ARCH = YES;
				SDKROOT = iphoneos;
				SWIFT_ACTIVE_COMPILATION_CONDITIONS = DEBUG;
				SWIFT_OPTIMIZATION_LEVEL = "-Onone";
			};
			name = Debug;
		};
		0B4C85F62011F3ED00043C46 /* Release */ = {
			isa = XCBuildConfiguration;
			buildSettings = {
				ALWAYS_SEARCH_USER_PATHS = NO;
				CLANG_ANALYZER_NONNULL = YES;
				CLANG_ANALYZER_NUMBER_OBJECT_CONVERSION = YES_AGGRESSIVE;
				CLANG_CXX_LANGUAGE_STANDARD = "gnu++14";
				CLANG_CXX_LIBRARY = "libc++";
				CLANG_ENABLE_MODULES = YES;
				CLANG_ENABLE_OBJC_ARC = YES;
				CLANG_WARN_BLOCK_CAPTURE_AUTORELEASING = YES;
				CLANG_WARN_BOOL_CONVERSION = YES;
				CLANG_WARN_COMMA = YES;
				CLANG_WARN_CONSTANT_CONVERSION = YES;
				CLANG_WARN_DIRECT_OBJC_ISA_USAGE = YES_ERROR;
				CLANG_WARN_DOCUMENTATION_COMMENTS = YES;
				CLANG_WARN_EMPTY_BODY = YES;
				CLANG_WARN_ENUM_CONVERSION = YES;
				CLANG_WARN_INFINITE_RECURSION = YES;
				CLANG_WARN_INT_CONVERSION = YES;
				CLANG_WARN_NON_LITERAL_NULL_CONVERSION = YES;
				CLANG_WARN_OBJC_LITERAL_CONVERSION = YES;
				CLANG_WARN_OBJC_ROOT_CLASS = YES_ERROR;
				CLANG_WARN_RANGE_LOOP_ANALYSIS = YES;
				CLANG_WARN_STRICT_PROTOTYPES = YES;
				CLANG_WARN_SUSPICIOUS_MOVE = YES;
				CLANG_WARN_UNGUARDED_AVAILABILITY = YES_AGGRESSIVE;
				CLANG_WARN_UNREACHABLE_CODE = YES;
				CLANG_WARN__DUPLICATE_METHOD_MATCH = YES;
				CODE_SIGN_IDENTITY = "iPhone Developer";
				COPY_PHASE_STRIP = NO;
				DEBUG_INFORMATION_FORMAT = "dwarf-with-dsym";
				ENABLE_NS_ASSERTIONS = NO;
				ENABLE_STRICT_OBJC_MSGSEND = YES;
				GCC_C_LANGUAGE_STANDARD = gnu11;
				GCC_NO_COMMON_BLOCKS = YES;
				GCC_WARN_64_TO_32_BIT_CONVERSION = YES;
				GCC_WARN_ABOUT_RETURN_TYPE = YES_ERROR;
				GCC_WARN_UNDECLARED_SELECTOR = YES;
				GCC_WARN_UNINITIALIZED_AUTOS = YES_AGGRESSIVE;
				GCC_WARN_UNUSED_FUNCTION = YES;
				GCC_WARN_UNUSED_VARIABLE = YES;
				IPHONEOS_DEPLOYMENT_TARGET = 11.1;
				MTL_ENABLE_DEBUG_INFO = NO;
				SDKROOT = iphoneos;
				SWIFT_OPTIMIZATION_LEVEL = "-Owholemodule";
				VALIDATE_PRODUCT = YES;
			};
			name = Release;
		};
		0B4C85F82011F3ED00043C46 /* Debug */ = {
			isa = XCBuildConfiguration;
			baseConfigurationReference = 8DCE49CE03E3EEF4F208F3C6 /* Pods-AlipayHomeDemo.debug.xcconfig */;
			buildSettings = {
				ASSETCATALOG_COMPILER_APPICON_NAME = AppIcon;
				CODE_SIGN_STYLE = Automatic;
				DEVELOPMENT_TEAM = G52CMN8P9A;
				INFOPLIST_FILE = AlipayHomeDemo/Info.plist;
				IPHONEOS_DEPLOYMENT_TARGET = 9.0;
				LD_RUNPATH_SEARCH_PATHS = "$(inherited) @executable_path/Frameworks";
				PRODUCT_BUNDLE_IDENTIFIER = com.nebula.AlipayHomeDemo;
				PRODUCT_NAME = "$(TARGET_NAME)";
				SWIFT_VERSION = 4.0;
				TARGETED_DEVICE_FAMILY = "1,2";
			};
			name = Debug;
		};
		0B4C85F92011F3ED00043C46 /* Release */ = {
			isa = XCBuildConfiguration;
			baseConfigurationReference = 90F311C54A4390B118B458C6 /* Pods-AlipayHomeDemo.release.xcconfig */;
			buildSettings = {
				ASSETCATALOG_COMPILER_APPICON_NAME = AppIcon;
				CODE_SIGN_STYLE = Automatic;
				DEVELOPMENT_TEAM = G52CMN8P9A;
				INFOPLIST_FILE = AlipayHomeDemo/Info.plist;
				IPHONEOS_DEPLOYMENT_TARGET = 9.0;
				LD_RUNPATH_SEARCH_PATHS = "$(inherited) @executable_path/Frameworks";
				PRODUCT_BUNDLE_IDENTIFIER = com.nebula.AlipayHomeDemo;
				PRODUCT_NAME = "$(TARGET_NAME)";
				SWIFT_VERSION = 4.0;
				TARGETED_DEVICE_FAMILY = "1,2";
			};
			name = Release;
		};
/* End XCBuildConfiguration section */

/* Begin XCConfigurationList section */
		0B4C85E02011F3ED00043C46 /* Build configuration list for PBXProject "AlipayHomeDemo" */ = {
			isa = XCConfigurationList;
			buildConfigurations = (
				0B4C85F52011F3ED00043C46 /* Debug */,
				0B4C85F62011F3ED00043C46 /* Release */,
			);
			defaultConfigurationIsVisible = 0;
			defaultConfigurationName = Release;
		};
		0B4C85F72011F3ED00043C46 /* Build configuration list for PBXNativeTarget "AlipayHomeDemo" */ = {
			isa = XCConfigurationList;
			buildConfigurations = (
				0B4C85F82011F3ED00043C46 /* Debug */,
				0B4C85F92011F3ED00043C46 /* Release */,
			);
			defaultConfigurationIsVisible = 0;
			defaultConfigurationName = Release;
		};
/* End XCConfigurationList section */
	};
	rootObject = 0B4C85DD2011F3ED00043C46 /* Project object */;
}
